
Microsoft Visual Studio Solution File, Format Version 12.00
# Visual Studio Version 17
VisualStudioVersion = 17.8.34525.116
MinimumVisualStudioVersion = 10.0.40219.1
Project("{FAE04EC0-301F-11D3-BF4B-00C04F79EFBC}") = "Fuctions", "Fuctions\Fuctions.csproj", "{7DEE85A0-B75E-40F9-A6F2-83DBBA28FA45}"
EndProject
Project("{FAE04EC0-301F-11D3-BF4B-00C04F79EFBC}") = "ArgumentsAndParameters", "ArgumentsAndParameters\ArgumentsAndParameters.csproj", "{6DC13987-479A-4781-B69D-8FF991304810}"
EndProject
Project("{FAE04EC0-301F-11D3-BF4B-00C04F79EFBC}") = "Calculator", "Calculator\Calculator.csproj", "{1C6A0FC8-6329-4EB3-814B-803F40F13AF2}"
EndProject
Project("{FAE04EC0-301F-11D3-BF4B-00C04F79EFBC}") = "DiscountCalculator", "DiscountCalculator\DiscountCalculator.csproj", "{DA20C418-AE10-4F52-AED0-BEE9E1311A3F}"
EndProject
Global
	GlobalSection(SolutionConfigurationPlatforms) = preSolution
		Debug|Any CPU = Debug|Any CPU
		Release|Any CPU = Release|Any CPU
	EndGlobalSection
	GlobalSection(ProjectConfigurationPlatforms) = postSolution
		{7DEE85A0-B75E-40F9-A6F2-83DBBA28FA45}.Debug|Any CPU.ActiveCfg = Debug|Any CPU
		{7DEE85A0-B75E-40F9-A6F2-83DBBA28FA45}.Debug|Any CPU.Build.0 = Debug|Any CPU
		{7DEE85A0-B75E-40F9-A6F2-83DBBA28FA45}.Release|Any CPU.ActiveCfg = Release|Any CPU
		{7DEE85A0-B75E-40F9-A6F2-83DBBA28FA45}.Release|Any CPU.Build.0 = Release|Any CPU
		{6DC13987-479A-4781-B69D-8FF991304810}.Debug|Any CPU.ActiveCfg = Debug|Any CPU
		{6DC13987-479A-4781-B69D-8FF991304810}.Debug|Any CPU.Build.0 = Debug|Any CPU
		{6DC13987-479A-4781-B69D-8FF991304810}.Release|Any CPU.ActiveCfg = Release|Any CPU
		{6DC13987-479A-4781-B69D-8FF991304810}.Release|Any CPU.Build.0 = Release|Any CPU
		{1C6A0FC8-6329-4EB3-814B-803F40F13AF2}.Debug|Any CPU.ActiveCfg = Debug|Any CPU
		{1C6A0FC8-6329-4EB3-814B-803F40F13AF2}.Debug|Any CPU.Build.0 = Debug|Any CPU
		{1C6A0FC8-6329-4EB3-814B-803F40F13AF2}.Release|Any CPU.ActiveCfg = Release|Any CPU
		{1C6A0FC8-6329-4EB3-814B-803F40F13AF2}.Release|Any CPU.Build.0 = Release|Any CPU
		{DA20C418-AE10-4F52-AED0-BEE9E1311A3F}.Debug|Any CPU.ActiveCfg = Debug|Any CPU
		{DA20C418-AE10-4F52-AED0-BEE9E1311A3F}.Debug|Any CPU.Build.0 = Debug|Any CPU
		{DA20C418-AE10-4F52-AED0-BEE9E1311A3F}.Release|Any CPU.ActiveCfg = Release|Any CPU
		{DA20C418-AE10-4F52-AED0-BEE9E1311A3F}.Release|Any CPU.Build.0 = Release|Any CPU
	EndGlobalSection
	GlobalSection(SolutionProperties) = preSolution
		HideSolutionNode = FALSE
	EndGlobalSection
	GlobalSection(ExtensibilityGlobals) = postSolution
		SolutionGuid = {0E5B1D3B-A8CD-4C10-B78F-CC3BEC16590D}
	EndGlobalSection
EndGlobal
